// !$*UTF8*$!
{
	archiveVersion = 1;
	classes = {
	};
	objectVersion = 52;
	objects = {

/* Begin PBXBuildFile section */
		3203EF6A214FB132005C287C /* AppDelegate.swift in Sources */ = {isa = PBXBuildFile; fileRef = 3203EF69214FB132005C287C /* AppDelegate.swift */; };
		3203EF71214FB134005C287C /* Assets.xcassets in Resources */ = {isa = PBXBuildFile; fileRef = 3203EF70214FB134005C287C /* Assets.xcassets */; };
		3203EF74214FB134005C287C /* LaunchScreen.storyboard in Resources */ = {isa = PBXBuildFile; fileRef = 3203EF72214FB134005C287C /* LaunchScreen.storyboard */; };
		6A0A8CAC2323A88100F0C41C /* HomeTableViewController.swift in Sources */ = {isa = PBXBuildFile; fileRef = 6A0A8CAB2323A88100F0C41C /* HomeTableViewController.swift */; };
		6A0A8CB22323A93C00F0C41C /* StringExtension.swift in Sources */ = {isa = PBXBuildFile; fileRef = 6A0A8CB12323A93C00F0C41C /* StringExtension.swift */; };
		6A0A8CB42323A99500F0C41C /* AlgorithmTableViewController.swift in Sources */ = {isa = PBXBuildFile; fileRef = 6A0A8CB32323A99500F0C41C /* AlgorithmTableViewController.swift */; };
		6A0A8CB72323AE3400F0C41C /* LabelTableViewCell.swift in Sources */ = {isa = PBXBuildFile; fileRef = 6A0A8CB62323AE3400F0C41C /* LabelTableViewCell.swift */; };
		6A0A8CB92323AF2900F0C41C /* SplitViewController.swift in Sources */ = {isa = PBXBuildFile; fileRef = 6A0A8CB82323AF2900F0C41C /* SplitViewController.swift */; };
		6A0A8CBB2323B08D00F0C41C /* Algorithm.swift in Sources */ = {isa = PBXBuildFile; fileRef = 6A0A8CBA2323B08D00F0C41C /* Algorithm.swift */; };
		6A0A8CBD2323BE5B00F0C41C /* InputTableViewCell.swift in Sources */ = {isa = PBXBuildFile; fileRef = 6A0A8CBC2323BE5B00F0C41C /* InputTableViewCell.swift */; };
		6A0A8CC32323CE6D00F0C41C /* Token.swift in Sources */ = {isa = PBXBuildFile; fileRef = 6A0A8CC22323CE6D00F0C41C /* Token.swift */; };
		6A0A8CC52323CEA300F0C41C /* Number.swift in Sources */ = {isa = PBXBuildFile; fileRef = 6A0A8CC42323CEA300F0C41C /* Number.swift */; };
		6A0A8CC72323CECF00F0C41C /* Operation.swift in Sources */ = {isa = PBXBuildFile; fileRef = 6A0A8CC62323CECF00F0C41C /* Operation.swift */; };
		6A0A8CCD2323EBE800F0C41C /* ArrayExtension.swift in Sources */ = {isa = PBXBuildFile; fileRef = 6A0A8CCC2323EBE800F0C41C /* ArrayExtension.swift */; };
		6A0A8CCF2323EFD600F0C41C /* SyntaxError.swift in Sources */ = {isa = PBXBuildFile; fileRef = 6A0A8CCE2323EFD600F0C41C /* SyntaxError.swift */; };
		6A0A8CD12323FDB700F0C41C /* Variable.swift in Sources */ = {isa = PBXBuildFile; fileRef = 6A0A8CD02323FDB700F0C41C /* Variable.swift */; };
		6A0A8CD52324057800F0C41C /* AlgorithmExtension.swift in Sources */ = {isa = PBXBuildFile; fileRef = 6A0A8CD42324057800F0C41C /* AlgorithmExtension.swift */; };
		6A0A8CDB23244BB500F0C41C /* IntExtension.swift in Sources */ = {isa = PBXBuildFile; fileRef = 6A0A8CDA23244BB500F0C41C /* IntExtension.swift */; };
		6A0E7B5121BD956E00A16F99 /* Localizable.strings in Resources */ = {isa = PBXBuildFile; fileRef = 6A0E7B4F21BD956E00A16F99 /* Localizable.strings */; };
		6A16E401234A4FB500089765 /* Action.swift in Sources */ = {isa = PBXBuildFile; fileRef = 6A16E400234A4FB500089765 /* Action.swift */; };
		6A16E403234A4FE200089765 /* Process.swift in Sources */ = {isa = PBXBuildFile; fileRef = 6A16E402234A4FE200089765 /* Process.swift */; };
		6A16E405234A532B00089765 /* PrintAction.swift in Sources */ = {isa = PBXBuildFile; fileRef = 6A16E404234A532B00089765 /* PrintAction.swift */; };
		6A16E407234A547400089765 /* SetAction.swift in Sources */ = {isa = PBXBuildFile; fileRef = 6A16E406234A547400089765 /* SetAction.swift */; };
		6A16E409234A60BB00089765 /* IfAction.swift in Sources */ = {isa = PBXBuildFile; fileRef = 6A16E408234A60BB00089765 /* IfAction.swift */; };
		6A1F488F2356F7F100B3A006 /* Interval.swift in Sources */ = {isa = PBXBuildFile; fileRef = 6A1F488E2356F7F100B3A006 /* Interval.swift */; };
		6A2F13AF23264D8100031DDA /* TokenParser.swift in Sources */ = {isa = PBXBuildFile; fileRef = 6A2F13AE23264D8100031DDA /* TokenParser.swift */; };
		6A32637B23250CE40056FA0E /* Vector.swift in Sources */ = {isa = PBXBuildFile; fileRef = 6A32637A23250CE40056FA0E /* Vector.swift */; };
		6A7F7890234B3E00002609EF /* WhileAction.swift in Sources */ = {isa = PBXBuildFile; fileRef = 6A7F788F234B3E00002609EF /* WhileAction.swift */; };
		6A7F7892234B412D002609EF /* List.swift in Sources */ = {isa = PBXBuildFile; fileRef = 6A7F7891234B412D002609EF /* List.swift */; };
		6A7F7898234B7294002609EF /* ForAction.swift in Sources */ = {isa = PBXBuildFile; fileRef = 6A7F7897234B7294002609EF /* ForAction.swift */; };
		6A8994972382CBD600D44833 /* Function.swift in Sources */ = {isa = PBXBuildFile; fileRef = 6A8994962382CBD600D44833 /* Function.swift */; };
		6A89949B2382D17F00D44833 /* FunctionDeclaration.swift in Sources */ = {isa = PBXBuildFile; fileRef = 6A89949A2382D17F00D44833 /* FunctionDeclaration.swift */; };
		6AAE8BC6235C8153000634CA /* EditorTableViewController.swift in Sources */ = {isa = PBXBuildFile; fileRef = 6AAE8BC5235C8153000634CA /* EditorTableViewController.swift */; };
		6AAE8BCA235C9F42000634CA /* EditorTableViewCell.swift in Sources */ = {isa = PBXBuildFile; fileRef = 6AAE8BC9235C9F42000634CA /* EditorTableViewCell.swift */; };
		6AAE8BCC235CBAAF000634CA /* EditorLine.swift in Sources */ = {isa = PBXBuildFile; fileRef = 6AAE8BCB235CBAAF000634CA /* EditorLine.swift */; };
		6AB41A4523531FF000A4F348 /* Power.swift in Sources */ = {isa = PBXBuildFile; fileRef = 6AB41A4423531FF000A4F348 /* Power.swift */; };
		6AB41A47235328C000A4F348 /* Root.swift in Sources */ = {isa = PBXBuildFile; fileRef = 6AB41A46235328C000A4F348 /* Root.swift */; };
		6ABC9048235D8C0100F07D6D /* UITextFieldExtension.swift in Sources */ = {isa = PBXBuildFile; fileRef = 6ABC9047235D8C0100F07D6D /* UITextFieldExtension.swift */; };
		6ABC904C235DBDE800F07D6D /* AlgorithmParser.swift in Sources */ = {isa = PBXBuildFile; fileRef = 6ABC904B235DBDE800F07D6D /* AlgorithmParser.swift */; };
		6ABC904E235DEFB400F07D6D /* Keyword.swift in Sources */ = {isa = PBXBuildFile; fileRef = 6ABC904D235DEFB400F07D6D /* Keyword.swift */; };
		6ABC9050235DF88D00F07D6D /* ElseAction.swift in Sources */ = {isa = PBXBuildFile; fileRef = 6ABC904F235DF88D00F07D6D /* ElseAction.swift */; };
		6ABC9052235DFFA600F07D6D /* ActionBlock.swift in Sources */ = {isa = PBXBuildFile; fileRef = 6ABC9051235DFFA600F07D6D /* ActionBlock.swift */; };
		6AC36CCC23601E6000523F79 /* FormattedToken.swift in Sources */ = {isa = PBXBuildFile; fileRef = 6AC36CCB23601E6000523F79 /* FormattedToken.swift */; };
		6AC36CCE2360223400523F79 /* PrintTextAction.swift in Sources */ = {isa = PBXBuildFile; fileRef = 6AC36CCD2360223400523F79 /* PrintTextAction.swift */; };
		6AC36CD02360258400523F79 /* Modulo.swift in Sources */ = {isa = PBXBuildFile; fileRef = 6AC36CCF2360258400523F79 /* Modulo.swift */; };
		6AC36CD32360339C00523F79 /* SQLite in Frameworks */ = {isa = PBXBuildFile; productRef = 6AC36CD22360339C00523F79 /* SQLite */; };
		6AC36CD5236033B400523F79 /* Database.swift in Sources */ = {isa = PBXBuildFile; fileRef = 6AC36CD4236033B400523F79 /* Database.swift */; };
		6AC36CD723606BB600523F79 /* AlgorithmTableViewCell.swift in Sources */ = {isa = PBXBuildFile; fileRef = 6AC36CD623606BB600523F79 /* AlgorithmTableViewCell.swift */; };
		6AC36CDB23607A8200523F79 /* DateExtension.swift in Sources */ = {isa = PBXBuildFile; fileRef = 6AC36CDA23607A8200523F79 /* DateExtension.swift */; };
		6AC40DAE2324DDC6003C8131 /* Equation.swift in Sources */ = {isa = PBXBuildFile; fileRef = 6AC40DAD2324DDC6003C8131 /* Equation.swift */; };
		6AC40DB02324E7E2003C8131 /* CalculError.swift in Sources */ = {isa = PBXBuildFile; fileRef = 6AC40DAF2324E7E2003C8131 /* CalculError.swift */; };
		6AD2B136234E073900E75AAF /* Sum.swift in Sources */ = {isa = PBXBuildFile; fileRef = 6AD2B135234E073900E75AAF /* Sum.swift */; };
		6AD2B138234E08CD00E75AAF /* Product.swift in Sources */ = {isa = PBXBuildFile; fileRef = 6AD2B137234E08CD00E75AAF /* Product.swift */; };
		6AD2B13A234E08ED00E75AAF /* Fraction.swift in Sources */ = {isa = PBXBuildFile; fileRef = 6AD2B139234E08ED00E75AAF /* Fraction.swift */; };
		6AE83705235AED5000DBED51 /* OutputTableViewCell.swift in Sources */ = {isa = PBXBuildFile; fileRef = 6AE83704235AED5000DBED51 /* OutputTableViewCell.swift */; };
		6AED92C1235EDB33009EEAFE /* InputAction.swift in Sources */ = {isa = PBXBuildFile; fileRef = 6AED92C0235EDB33009EEAFE /* InputAction.swift */; };
		6AED92C3235F38BD009EEAFE /* EditorLineCategory.swift in Sources */ = {isa = PBXBuildFile; fileRef = 6AED92C2235F38BD009EEAFE /* EditorLineCategory.swift */; };
		6AED92C5235F4675009EEAFE /* EditorAddTableViewCell.swift in Sources */ = {isa = PBXBuildFile; fileRef = 6AED92C4235F4675009EEAFE /* EditorAddTableViewCell.swift */; };
		6AED92C7235F5BAD009EEAFE /* ActionSelectionTableViewController.swift in Sources */ = {isa = PBXBuildFile; fileRef = 6AED92C6235F5BAD009EEAFE /* ActionSelectionTableViewController.swift */; };
		6AED92CB235F65AB009EEAFE /* ActionSelectorTableViewCell.swift in Sources */ = {isa = PBXBuildFile; fileRef = 6AED92CA235F65AB009EEAFE /* ActionSelectorTableViewCell.swift */; };
		6AED92CD235F6827009EEAFE /* RootAction.swift in Sources */ = {isa = PBXBuildFile; fileRef = 6AED92CC235F6827009EEAFE /* RootAction.swift */; };
/* End PBXBuildFile section */

/* Begin PBXCopyFilesBuildPhase section */
		329C2F3721564362000A2575 /* Embed App Extensions */ = {
			isa = PBXCopyFilesBuildPhase;
			buildActionMask = 2147483647;
			dstPath = "";
			dstSubfolderSpec = 13;
			files = (
			);
			name = "Embed App Extensions";
			runOnlyForDeploymentPostprocessing = 0;
		};
/* End PBXCopyFilesBuildPhase section */

/* Begin PBXFileReference section */
		3203EF66214FB132005C287C /* Delta.app */ = {isa = PBXFileReference; explicitFileType = wrapper.application; includeInIndex = 0; path = Delta.app; sourceTree = BUILT_PRODUCTS_DIR; };
		3203EF69214FB132005C287C /* AppDelegate.swift */ = {isa = PBXFileReference; lastKnownFileType = sourcecode.swift; path = AppDelegate.swift; sourceTree = "<group>"; };
		3203EF70214FB134005C287C /* Assets.xcassets */ = {isa = PBXFileReference; lastKnownFileType = folder.assetcatalog; path = Assets.xcassets; sourceTree = "<group>"; };
		3203EF73214FB134005C287C /* Base */ = {isa = PBXFileReference; lastKnownFileType = file.storyboard; name = Base; path = Base.lproj/LaunchScreen.storyboard; sourceTree = "<group>"; };
		3203EF75214FB134005C287C /* Info.plist */ = {isa = PBXFileReference; lastKnownFileType = text.plist.xml; path = Info.plist; sourceTree = "<group>"; };
		329C2F2221564362000A2575 /* IntentsUI.framework */ = {isa = PBXFileReference; lastKnownFileType = wrapper.framework; name = IntentsUI.framework; path = System/Library/Frameworks/IntentsUI.framework; sourceTree = SDKROOT; };
		329C2F38215645EC000A2575 /* Delta.entitlements */ = {isa = PBXFileReference; lastKnownFileType = text.plist.entitlements; path = Delta.entitlements; sourceTree = "<group>"; };
		6A0A8CAB2323A88100F0C41C /* HomeTableViewController.swift */ = {isa = PBXFileReference; lastKnownFileType = sourcecode.swift; path = HomeTableViewController.swift; sourceTree = "<group>"; };
		6A0A8CAF2323A8CC00F0C41C /* en */ = {isa = PBXFileReference; lastKnownFileType = text.plist.strings; name = en; path = en.lproj/Localizable.strings; sourceTree = "<group>"; };
		6A0A8CB12323A93C00F0C41C /* StringExtension.swift */ = {isa = PBXFileReference; lastKnownFileType = sourcecode.swift; path = StringExtension.swift; sourceTree = "<group>"; };
		6A0A8CB32323A99500F0C41C /* AlgorithmTableViewController.swift */ = {isa = PBXFileReference; lastKnownFileType = sourcecode.swift; path = AlgorithmTableViewController.swift; sourceTree = "<group>"; };
		6A0A8CB62323AE3400F0C41C /* LabelTableViewCell.swift */ = {isa = PBXFileReference; lastKnownFileType = sourcecode.swift; path = LabelTableViewCell.swift; sourceTree = "<group>"; };
		6A0A8CB82323AF2900F0C41C /* SplitViewController.swift */ = {isa = PBXFileReference; lastKnownFileType = sourcecode.swift; path = SplitViewController.swift; sourceTree = "<group>"; };
		6A0A8CBA2323B08D00F0C41C /* Algorithm.swift */ = {isa = PBXFileReference; lastKnownFileType = sourcecode.swift; path = Algorithm.swift; sourceTree = "<group>"; };
		6A0A8CBC2323BE5B00F0C41C /* InputTableViewCell.swift */ = {isa = PBXFileReference; lastKnownFileType = sourcecode.swift; path = InputTableViewCell.swift; sourceTree = "<group>"; };
		6A0A8CC22323CE6D00F0C41C /* Token.swift */ = {isa = PBXFileReference; lastKnownFileType = sourcecode.swift; path = Token.swift; sourceTree = "<group>"; };
		6A0A8CC42323CEA300F0C41C /* Number.swift */ = {isa = PBXFileReference; lastKnownFileType = sourcecode.swift; path = Number.swift; sourceTree = "<group>"; };
		6A0A8CC62323CECF00F0C41C /* Operation.swift */ = {isa = PBXFileReference; lastKnownFileType = sourcecode.swift; path = Operation.swift; sourceTree = "<group>"; };
		6A0A8CCC2323EBE800F0C41C /* ArrayExtension.swift */ = {isa = PBXFileReference; lastKnownFileType = sourcecode.swift; path = ArrayExtension.swift; sourceTree = "<group>"; };
		6A0A8CCE2323EFD600F0C41C /* SyntaxError.swift */ = {isa = PBXFileReference; lastKnownFileType = sourcecode.swift; path = SyntaxError.swift; sourceTree = "<group>"; };
		6A0A8CD02323FDB700F0C41C /* Variable.swift */ = {isa = PBXFileReference; lastKnownFileType = sourcecode.swift; path = Variable.swift; sourceTree = "<group>"; };
		6A0A8CD42324057800F0C41C /* AlgorithmExtension.swift */ = {isa = PBXFileReference; lastKnownFileType = sourcecode.swift; path = AlgorithmExtension.swift; sourceTree = "<group>"; };
		6A0A8CDA23244BB500F0C41C /* IntExtension.swift */ = {isa = PBXFileReference; lastKnownFileType = sourcecode.swift; path = IntExtension.swift; sourceTree = "<group>"; };
		6A0E7B5021BD956E00A16F99 /* fr */ = {isa = PBXFileReference; lastKnownFileType = text.plist.strings; name = fr; path = fr.lproj/Localizable.strings; sourceTree = "<group>"; };
		6A16E400234A4FB500089765 /* Action.swift */ = {isa = PBXFileReference; lastKnownFileType = sourcecode.swift; path = Action.swift; sourceTree = "<group>"; };
		6A16E402234A4FE200089765 /* Process.swift */ = {isa = PBXFileReference; lastKnownFileType = sourcecode.swift; path = Process.swift; sourceTree = "<group>"; };
		6A16E404234A532B00089765 /* PrintAction.swift */ = {isa = PBXFileReference; lastKnownFileType = sourcecode.swift; path = PrintAction.swift; sourceTree = "<group>"; };
		6A16E406234A547400089765 /* SetAction.swift */ = {isa = PBXFileReference; lastKnownFileType = sourcecode.swift; path = SetAction.swift; sourceTree = "<group>"; };
		6A16E408234A60BB00089765 /* IfAction.swift */ = {isa = PBXFileReference; lastKnownFileType = sourcecode.swift; path = IfAction.swift; sourceTree = "<group>"; };
		6A1F488E2356F7F100B3A006 /* Interval.swift */ = {isa = PBXFileReference; lastKnownFileType = sourcecode.swift; path = Interval.swift; sourceTree = "<group>"; };
		6A2F13AE23264D8100031DDA /* TokenParser.swift */ = {isa = PBXFileReference; lastKnownFileType = sourcecode.swift; path = TokenParser.swift; sourceTree = "<group>"; };
		6A32637A23250CE40056FA0E /* Vector.swift */ = {isa = PBXFileReference; lastKnownFileType = sourcecode.swift; path = Vector.swift; sourceTree = "<group>"; };
		6A7F788F234B3E00002609EF /* WhileAction.swift */ = {isa = PBXFileReference; lastKnownFileType = sourcecode.swift; path = WhileAction.swift; sourceTree = "<group>"; };
		6A7F7891234B412D002609EF /* List.swift */ = {isa = PBXFileReference; lastKnownFileType = sourcecode.swift; path = List.swift; sourceTree = "<group>"; };
		6A7F7897234B7294002609EF /* ForAction.swift */ = {isa = PBXFileReference; lastKnownFileType = sourcecode.swift; path = ForAction.swift; sourceTree = "<group>"; };
		6A8994962382CBD600D44833 /* Function.swift */ = {isa = PBXFileReference; lastKnownFileType = sourcecode.swift; path = Function.swift; sourceTree = "<group>"; };
		6A89949A2382D17F00D44833 /* FunctionDeclaration.swift */ = {isa = PBXFileReference; lastKnownFileType = sourcecode.swift; path = FunctionDeclaration.swift; sourceTree = "<group>"; };
		6AAE8BC5235C8153000634CA /* EditorTableViewController.swift */ = {isa = PBXFileReference; lastKnownFileType = sourcecode.swift; path = EditorTableViewController.swift; sourceTree = "<group>"; };
		6AAE8BC9235C9F42000634CA /* EditorTableViewCell.swift */ = {isa = PBXFileReference; lastKnownFileType = sourcecode.swift; path = EditorTableViewCell.swift; sourceTree = "<group>"; };
		6AAE8BCB235CBAAF000634CA /* EditorLine.swift */ = {isa = PBXFileReference; lastKnownFileType = sourcecode.swift; path = EditorLine.swift; sourceTree = "<group>"; };
		6AB41A4423531FF000A4F348 /* Power.swift */ = {isa = PBXFileReference; lastKnownFileType = sourcecode.swift; path = Power.swift; sourceTree = "<group>"; };
		6AB41A46235328C000A4F348 /* Root.swift */ = {isa = PBXFileReference; lastKnownFileType = sourcecode.swift; path = Root.swift; sourceTree = "<group>"; };
		6ABC9047235D8C0100F07D6D /* UITextFieldExtension.swift */ = {isa = PBXFileReference; lastKnownFileType = sourcecode.swift; path = UITextFieldExtension.swift; sourceTree = "<group>"; };
		6ABC904B235DBDE800F07D6D /* AlgorithmParser.swift */ = {isa = PBXFileReference; lastKnownFileType = sourcecode.swift; path = AlgorithmParser.swift; sourceTree = "<group>"; };
		6ABC904D235DEFB400F07D6D /* Keyword.swift */ = {isa = PBXFileReference; lastKnownFileType = sourcecode.swift; path = Keyword.swift; sourceTree = "<group>"; };
		6ABC904F235DF88D00F07D6D /* ElseAction.swift */ = {isa = PBXFileReference; lastKnownFileType = sourcecode.swift; path = ElseAction.swift; sourceTree = "<group>"; };
		6ABC9051235DFFA600F07D6D /* ActionBlock.swift */ = {isa = PBXFileReference; lastKnownFileType = sourcecode.swift; path = ActionBlock.swift; sourceTree = "<group>"; };
		6AC36CCB23601E6000523F79 /* FormattedToken.swift */ = {isa = PBXFileReference; lastKnownFileType = sourcecode.swift; path = FormattedToken.swift; sourceTree = "<group>"; };
		6AC36CCD2360223400523F79 /* PrintTextAction.swift */ = {isa = PBXFileReference; lastKnownFileType = sourcecode.swift; path = PrintTextAction.swift; sourceTree = "<group>"; };
		6AC36CCF2360258400523F79 /* Modulo.swift */ = {isa = PBXFileReference; lastKnownFileType = sourcecode.swift; path = Modulo.swift; sourceTree = "<group>"; };
		6AC36CD4236033B400523F79 /* Database.swift */ = {isa = PBXFileReference; lastKnownFileType = sourcecode.swift; path = Database.swift; sourceTree = "<group>"; };
		6AC36CD623606BB600523F79 /* AlgorithmTableViewCell.swift */ = {isa = PBXFileReference; lastKnownFileType = sourcecode.swift; path = AlgorithmTableViewCell.swift; sourceTree = "<group>"; };
		6AC36CDA23607A8200523F79 /* DateExtension.swift */ = {isa = PBXFileReference; lastKnownFileType = sourcecode.swift; path = DateExtension.swift; sourceTree = "<group>"; };
		6AC40DAD2324DDC6003C8131 /* Equation.swift */ = {isa = PBXFileReference; lastKnownFileType = sourcecode.swift; path = Equation.swift; sourceTree = "<group>"; };
		6AC40DAF2324E7E2003C8131 /* CalculError.swift */ = {isa = PBXFileReference; lastKnownFileType = sourcecode.swift; path = CalculError.swift; sourceTree = "<group>"; };
		6AD2B135234E073900E75AAF /* Sum.swift */ = {isa = PBXFileReference; lastKnownFileType = sourcecode.swift; path = Sum.swift; sourceTree = "<group>"; };
		6AD2B137234E08CD00E75AAF /* Product.swift */ = {isa = PBXFileReference; lastKnownFileType = sourcecode.swift; path = Product.swift; sourceTree = "<group>"; };
		6AD2B139234E08ED00E75AAF /* Fraction.swift */ = {isa = PBXFileReference; lastKnownFileType = sourcecode.swift; path = Fraction.swift; sourceTree = "<group>"; };
		6AE83704235AED5000DBED51 /* OutputTableViewCell.swift */ = {isa = PBXFileReference; lastKnownFileType = sourcecode.swift; path = OutputTableViewCell.swift; sourceTree = "<group>"; };
		6AED92C0235EDB33009EEAFE /* InputAction.swift */ = {isa = PBXFileReference; lastKnownFileType = sourcecode.swift; path = InputAction.swift; sourceTree = "<group>"; };
		6AED92C2235F38BD009EEAFE /* EditorLineCategory.swift */ = {isa = PBXFileReference; lastKnownFileType = sourcecode.swift; path = EditorLineCategory.swift; sourceTree = "<group>"; };
		6AED92C4235F4675009EEAFE /* EditorAddTableViewCell.swift */ = {isa = PBXFileReference; lastKnownFileType = sourcecode.swift; path = EditorAddTableViewCell.swift; sourceTree = "<group>"; };
		6AED92C6235F5BAD009EEAFE /* ActionSelectionTableViewController.swift */ = {isa = PBXFileReference; lastKnownFileType = sourcecode.swift; path = ActionSelectionTableViewController.swift; sourceTree = "<group>"; };
		6AED92CA235F65AB009EEAFE /* ActionSelectorTableViewCell.swift */ = {isa = PBXFileReference; lastKnownFileType = sourcecode.swift; path = ActionSelectorTableViewCell.swift; sourceTree = "<group>"; };
		6AED92CC235F6827009EEAFE /* RootAction.swift */ = {isa = PBXFileReference; lastKnownFileType = sourcecode.swift; path = RootAction.swift; sourceTree = "<group>"; };
/* End PBXFileReference section */

/* Begin PBXFrameworksBuildPhase section */
		3203EF63214FB132005C287C /* Frameworks */ = {
			isa = PBXFrameworksBuildPhase;
			buildActionMask = 2147483647;
			files = (
				6AC36CD32360339C00523F79 /* SQLite in Frameworks */,
			);
			runOnlyForDeploymentPostprocessing = 0;
		};
/* End PBXFrameworksBuildPhase section */

/* Begin PBXGroup section */
		3203EF5D214FB132005C287C = {
			isa = PBXGroup;
			children = (
				3203EF68214FB132005C287C /* Delta */,
				329C2F2121564362000A2575 /* Frameworks */,
				3203EF67214FB132005C287C /* Products */,
			);
			sourceTree = "<group>";
		};
		3203EF67214FB132005C287C /* Products */ = {
			isa = PBXGroup;
			children = (
				3203EF66214FB132005C287C /* Delta.app */,
			);
			name = Products;
			sourceTree = "<group>";
		};
		3203EF68214FB132005C287C /* Delta */ = {
			isa = PBXGroup;
			children = (
				6A0A8CB52323AC0900F0C41C /* Cells */,
				6A0A8CAD2323A88700F0C41C /* Controllers */,
				6A0A8CB02323A92900F0C41C /* Extensions */,
				6A16E3FF234A387C00089765 /* Tokens */,
				6A16E3FD234A385D00089765 /* Utils */,
				6A16E3FE234A386700089765 /* Actions */,
				3203EF70214FB134005C287C /* Assets.xcassets */,
				329C2F38215645EC000A2575 /* Delta.entitlements */,
				3203EF75214FB134005C287C /* Info.plist */,
				3203EF72214FB134005C287C /* LaunchScreen.storyboard */,
				6A0E7B4F21BD956E00A16F99 /* Localizable.strings */,
			);
			path = Delta;
			sourceTree = "<group>";
		};
		329C2F2121564362000A2575 /* Frameworks */ = {
			isa = PBXGroup;
			children = (
				329C2F2221564362000A2575 /* IntentsUI.framework */,
			);
			name = Frameworks;
			sourceTree = "<group>";
		};
		6A0A8CAD2323A88700F0C41C /* Controllers */ = {
			isa = PBXGroup;
			children = (
				6AED92C6235F5BAD009EEAFE /* ActionSelectionTableViewController.swift */,
				6A0A8CB32323A99500F0C41C /* AlgorithmTableViewController.swift */,
				6AAE8BC5235C8153000634CA /* EditorTableViewController.swift */,
				6A0A8CAB2323A88100F0C41C /* HomeTableViewController.swift */,
				6A0A8CB82323AF2900F0C41C /* SplitViewController.swift */,
			);
			path = Controllers;
			sourceTree = "<group>";
		};
		6A0A8CB02323A92900F0C41C /* Extensions */ = {
			isa = PBXGroup;
			children = (
				6A0A8CCC2323EBE800F0C41C /* ArrayExtension.swift */,
				6A0A8CD42324057800F0C41C /* AlgorithmExtension.swift */,
				6AC36CDA23607A8200523F79 /* DateExtension.swift */,
				6A0A8CDA23244BB500F0C41C /* IntExtension.swift */,
				6A0A8CB12323A93C00F0C41C /* StringExtension.swift */,
				6ABC9047235D8C0100F07D6D /* UITextFieldExtension.swift */,
			);
			path = Extensions;
			sourceTree = "<group>";
		};
		6A0A8CB52323AC0900F0C41C /* Cells */ = {
			isa = PBXGroup;
			children = (
				6AED92CA235F65AB009EEAFE /* ActionSelectorTableViewCell.swift */,
				6AC36CD623606BB600523F79 /* AlgorithmTableViewCell.swift */,
				6AED92C4235F4675009EEAFE /* EditorAddTableViewCell.swift */,
				6AAE8BC9235C9F42000634CA /* EditorTableViewCell.swift */,
				6A0A8CBC2323BE5B00F0C41C /* InputTableViewCell.swift */,
				6A0A8CB62323AE3400F0C41C /* LabelTableViewCell.swift */,
				6AE83704235AED5000DBED51 /* OutputTableViewCell.swift */,
			);
			path = Cells;
			sourceTree = "<group>";
		};
		6A16E3FD234A385D00089765 /* Utils */ = {
			isa = PBXGroup;
			children = (
				6A0A8CBA2323B08D00F0C41C /* Algorithm.swift */,
				6ABC904B235DBDE800F07D6D /* AlgorithmParser.swift */,
				3203EF69214FB132005C287C /* AppDelegate.swift */,
				6AC36CD4236033B400523F79 /* Database.swift */,
				6AAE8BCB235CBAAF000634CA /* EditorLine.swift */,
				6AED92C2235F38BD009EEAFE /* EditorLineCategory.swift */,
				6ABC904D235DEFB400F07D6D /* Keyword.swift */,
				6A0A8CC62323CECF00F0C41C /* Operation.swift */,
				6A16E402234A4FE200089765 /* Process.swift */,
				6A2F13AE23264D8100031DDA /* TokenParser.swift */,
			);
			path = Utils;
			sourceTree = "<group>";
		};
		6A16E3FE234A386700089765 /* Actions */ = {
			isa = PBXGroup;
			children = (
				6A16E400234A4FB500089765 /* Action.swift */,
				6ABC9051235DFFA600F07D6D /* ActionBlock.swift */,
				6ABC904F235DF88D00F07D6D /* ElseAction.swift */,
				6A7F7897234B7294002609EF /* ForAction.swift */,
				6A16E408234A60BB00089765 /* IfAction.swift */,
				6AED92C0235EDB33009EEAFE /* InputAction.swift */,
				6A16E404234A532B00089765 /* PrintAction.swift */,
				6AC36CCD2360223400523F79 /* PrintTextAction.swift */,
				6AED92CC235F6827009EEAFE /* RootAction.swift */,
				6A16E406234A547400089765 /* SetAction.swift */,
				6A7F788F234B3E00002609EF /* WhileAction.swift */,
			);
			path = Actions;
			sourceTree = "<group>";
		};
		6A16E3FF234A387C00089765 /* Tokens */ = {
			isa = PBXGroup;
			children = (
				6AC40DAF2324E7E2003C8131 /* CalculError.swift */,
				6AC40DAD2324DDC6003C8131 /* Equation.swift */,
				6AC36CCB23601E6000523F79 /* FormattedToken.swift */,
				6AD2B139234E08ED00E75AAF /* Fraction.swift */,
				6A8994962382CBD600D44833 /* Function.swift */,
				6A89949A2382D17F00D44833 /* FunctionDeclaration.swift */,
				6A1F488E2356F7F100B3A006 /* Interval.swift */,
				6A7F7891234B412D002609EF /* List.swift */,
				6AC36CCF2360258400523F79 /* Modulo.swift */,
				6A0A8CC42323CEA300F0C41C /* Number.swift */,
				6AB41A4423531FF000A4F348 /* Power.swift */,
				6AD2B137234E08CD00E75AAF /* Product.swift */,
				6AB41A46235328C000A4F348 /* Root.swift */,
				6AD2B135234E073900E75AAF /* Sum.swift */,
				6A0A8CCE2323EFD600F0C41C /* SyntaxError.swift */,
				6A0A8CC22323CE6D00F0C41C /* Token.swift */,
				6A0A8CD02323FDB700F0C41C /* Variable.swift */,
				6A32637A23250CE40056FA0E /* Vector.swift */,
			);
			path = Tokens;
			sourceTree = "<group>";
		};
/* End PBXGroup section */

/* Begin PBXNativeTarget section */
		3203EF65214FB132005C287C /* Delta */ = {
			isa = PBXNativeTarget;
			buildConfigurationList = 3203EF78214FB134005C287C /* Build configuration list for PBXNativeTarget "Delta" */;
			buildPhases = (
				3203EF62214FB132005C287C /* Sources */,
				3203EF63214FB132005C287C /* Frameworks */,
				3203EF64214FB132005C287C /* Resources */,
				329C2F3721564362000A2575 /* Embed App Extensions */,
			);
			buildRules = (
			);
			dependencies = (
			);
			name = Delta;
			packageProductDependencies = (
				6AC36CD22360339C00523F79 /* SQLite */,
			);
			productName = Delta;
			productReference = 3203EF66214FB132005C287C /* Delta.app */;
			productType = "com.apple.product-type.application";
		};
/* End PBXNativeTarget section */

/* Begin PBXProject section */
		3203EF5E214FB132005C287C /* Project object */ = {
			isa = PBXProject;
			attributes = {
				LastSwiftUpdateCheck = 1000;
				LastUpgradeCheck = 1000;
				ORGANIZATIONNAME = "Nathan FALLET";
				TargetAttributes = {
					3203EF65214FB132005C287C = {
						CreatedOnToolsVersion = 10.0;
						LastSwiftMigration = 1100;
						SystemCapabilities = {
							com.apple.Siri = {
								enabled = 1;
							};
						};
					};
				};
			};
			buildConfigurationList = 3203EF61214FB132005C287C /* Build configuration list for PBXProject "Delta" */;
			compatibilityVersion = "Xcode 9.3";
			developmentRegion = en;
			hasScannedForEncodings = 0;
			knownRegions = (
				en,
				Base,
				fr,
			);
			mainGroup = 3203EF5D214FB132005C287C;
			packageReferences = (
				6AC36CD12360339C00523F79 /* XCRemoteSwiftPackageReference "SQLite.swift" */,
			);
			productRefGroup = 3203EF67214FB132005C287C /* Products */;
			projectDirPath = "";
			projectRoot = "";
			targets = (
				3203EF65214FB132005C287C /* Delta */,
			);
		};
/* End PBXProject section */

/* Begin PBXResourcesBuildPhase section */
		3203EF64214FB132005C287C /* Resources */ = {
			isa = PBXResourcesBuildPhase;
			buildActionMask = 2147483647;
			files = (
				3203EF74214FB134005C287C /* LaunchScreen.storyboard in Resources */,
				6A0E7B5121BD956E00A16F99 /* Localizable.strings in Resources */,
				3203EF71214FB134005C287C /* Assets.xcassets in Resources */,
			);
			runOnlyForDeploymentPostprocessing = 0;
		};
/* End PBXResourcesBuildPhase section */

/* Begin PBXSourcesBuildPhase section */
		3203EF62214FB132005C287C /* Sources */ = {
			isa = PBXSourcesBuildPhase;
			buildActionMask = 2147483647;
			files = (
				6A89949B2382D17F00D44833 /* FunctionDeclaration.swift in Sources */,
				6ABC904E235DEFB400F07D6D /* Keyword.swift in Sources */,
				6A16E409234A60BB00089765 /* IfAction.swift in Sources */,
				6A0A8CD12323FDB700F0C41C /* Variable.swift in Sources */,
				6AC36CD02360258400523F79 /* Modulo.swift in Sources */,
				6A32637B23250CE40056FA0E /* Vector.swift in Sources */,
				6A7F7898234B7294002609EF /* ForAction.swift in Sources */,
				6AC36CDB23607A8200523F79 /* DateExtension.swift in Sources */,
				6AE83705235AED5000DBED51 /* OutputTableViewCell.swift in Sources */,
				6AC36CD5236033B400523F79 /* Database.swift in Sources */,
				6AD2B138234E08CD00E75AAF /* Product.swift in Sources */,
				6AD2B136234E073900E75AAF /* Sum.swift in Sources */,
				6AB41A4523531FF000A4F348 /* Power.swift in Sources */,
				6A0A8CCD2323EBE800F0C41C /* ArrayExtension.swift in Sources */,
				6AC36CCE2360223400523F79 /* PrintTextAction.swift in Sources */,
				6AED92CB235F65AB009EEAFE /* ActionSelectorTableViewCell.swift in Sources */,
				6AED92C5235F4675009EEAFE /* EditorAddTableViewCell.swift in Sources */,
				6A0A8CB22323A93C00F0C41C /* StringExtension.swift in Sources */,
				6A0A8CDB23244BB500F0C41C /* IntExtension.swift in Sources */,
				6A0A8CB92323AF2900F0C41C /* SplitViewController.swift in Sources */,
				6A1F488F2356F7F100B3A006 /* Interval.swift in Sources */,
				6ABC9050235DF88D00F07D6D /* ElseAction.swift in Sources */,
				6A16E407234A547400089765 /* SetAction.swift in Sources */,
				6AC36CD723606BB600523F79 /* AlgorithmTableViewCell.swift in Sources */,
				6A8994972382CBD600D44833 /* Function.swift in Sources */,
				6A0A8CC32323CE6D00F0C41C /* Token.swift in Sources */,
				6AB41A47235328C000A4F348 /* Root.swift in Sources */,
				6AAE8BCA235C9F42000634CA /* EditorTableViewCell.swift in Sources */,
				6A0A8CB42323A99500F0C41C /* AlgorithmTableViewController.swift in Sources */,
				6AAE8BCC235CBAAF000634CA /* EditorLine.swift in Sources */,
				6A16E403234A4FE200089765 /* Process.swift in Sources */,
				6A0A8CB72323AE3400F0C41C /* LabelTableViewCell.swift in Sources */,
				6A0A8CC52323CEA300F0C41C /* Number.swift in Sources */,
				6A0A8CBB2323B08D00F0C41C /* Algorithm.swift in Sources */,
				6A16E405234A532B00089765 /* PrintAction.swift in Sources */,
				6ABC9048235D8C0100F07D6D /* UITextFieldExtension.swift in Sources */,
				6A7F7890234B3E00002609EF /* WhileAction.swift in Sources */,
				6A0A8CAC2323A88100F0C41C /* HomeTableViewController.swift in Sources */,
				6AD2B13A234E08ED00E75AAF /* Fraction.swift in Sources */,
				6AC36CCC23601E6000523F79 /* FormattedToken.swift in Sources */,
				6A0A8CC72323CECF00F0C41C /* Operation.swift in Sources */,
				6A0A8CCF2323EFD600F0C41C /* SyntaxError.swift in Sources */,
				6A16E401234A4FB500089765 /* Action.swift in Sources */,
				6AED92C3235F38BD009EEAFE /* EditorLineCategory.swift in Sources */,
				6ABC9052235DFFA600F07D6D /* ActionBlock.swift in Sources */,
				6AC40DAE2324DDC6003C8131 /* Equation.swift in Sources */,
				6AC40DB02324E7E2003C8131 /* CalculError.swift in Sources */,
				6A2F13AF23264D8100031DDA /* TokenParser.swift in Sources */,
				6A0A8CBD2323BE5B00F0C41C /* InputTableViewCell.swift in Sources */,
				6AAE8BC6235C8153000634CA /* EditorTableViewController.swift in Sources */,
				6AED92C7235F5BAD009EEAFE /* ActionSelectionTableViewController.swift in Sources */,
				6A0A8CD52324057800F0C41C /* AlgorithmExtension.swift in Sources */,
				6A7F7892234B412D002609EF /* List.swift in Sources */,
				6ABC904C235DBDE800F07D6D /* AlgorithmParser.swift in Sources */,
				6AED92C1235EDB33009EEAFE /* InputAction.swift in Sources */,
				6AED92CD235F6827009EEAFE /* RootAction.swift in Sources */,
				3203EF6A214FB132005C287C /* AppDelegate.swift in Sources */,
			);
			runOnlyForDeploymentPostprocessing = 0;
		};
/* End PBXSourcesBuildPhase section */

/* Begin PBXVariantGroup section */
		3203EF72214FB134005C287C /* LaunchScreen.storyboard */ = {
			isa = PBXVariantGroup;
			children = (
				3203EF73214FB134005C287C /* Base */,
			);
			name = LaunchScreen.storyboard;
			sourceTree = "<group>";
		};
		6A0E7B4F21BD956E00A16F99 /* Localizable.strings */ = {
			isa = PBXVariantGroup;
			children = (
				6A0E7B5021BD956E00A16F99 /* fr */,
				6A0A8CAF2323A8CC00F0C41C /* en */,
			);
			name = Localizable.strings;
			sourceTree = "<group>";
		};
/* End PBXVariantGroup section */

/* Begin XCBuildConfiguration section */
		3203EF76214FB134005C287C /* Debug */ = {
			isa = XCBuildConfiguration;
			buildSettings = {
				ALWAYS_SEARCH_USER_PATHS = NO;
				CLANG_ANALYZER_LOCALIZABILITY_NONLOCALIZED = YES;
				CLANG_ANALYZER_NONNULL = YES;
				CLANG_ANALYZER_NUMBER_OBJECT_CONVERSION = YES_AGGRESSIVE;
				CLANG_CXX_LANGUAGE_STANDARD = "gnu++14";
				CLANG_CXX_LIBRARY = "libc++";
				CLANG_ENABLE_MODULES = YES;
				CLANG_ENABLE_OBJC_ARC = YES;
				CLANG_ENABLE_OBJC_WEAK = YES;
				CLANG_WARN_BLOCK_CAPTURE_AUTORELEASING = YES;
				CLANG_WARN_BOOL_CONVERSION = YES;
				CLANG_WARN_COMMA = YES;
				CLANG_WARN_CONSTANT_CONVERSION = YES;
				CLANG_WARN_DEPRECATED_OBJC_IMPLEMENTATIONS = YES;
				CLANG_WARN_DIRECT_OBJC_ISA_USAGE = YES_ERROR;
				CLANG_WARN_DOCUMENTATION_COMMENTS = YES;
				CLANG_WARN_EMPTY_BODY = YES;
				CLANG_WARN_ENUM_CONVERSION = YES;
				CLANG_WARN_INFINITE_RECURSION = YES;
				CLANG_WARN_INT_CONVERSION = YES;
				CLANG_WARN_NON_LITERAL_NULL_CONVERSION = YES;
				CLANG_WARN_OBJC_IMPLICIT_RETAIN_SELF = YES;
				CLANG_WARN_OBJC_LITERAL_CONVERSION = YES;
				CLANG_WARN_OBJC_ROOT_CLASS = YES_ERROR;
				CLANG_WARN_RANGE_LOOP_ANALYSIS = YES;
				CLANG_WARN_STRICT_PROTOTYPES = YES;
				CLANG_WARN_SUSPICIOUS_MOVE = YES;
				CLANG_WARN_UNGUARDED_AVAILABILITY = YES_AGGRESSIVE;
				CLANG_WARN_UNREACHABLE_CODE = YES;
				CLANG_WARN__DUPLICATE_METHOD_MATCH = YES;
				CODE_SIGN_IDENTITY = "iPhone Developer";
				COPY_PHASE_STRIP = NO;
				DEBUG_INFORMATION_FORMAT = dwarf;
				ENABLE_STRICT_OBJC_MSGSEND = YES;
				ENABLE_TESTABILITY = YES;
				GCC_C_LANGUAGE_STANDARD = gnu11;
				GCC_DYNAMIC_NO_PIC = NO;
				GCC_NO_COMMON_BLOCKS = YES;
				GCC_OPTIMIZATION_LEVEL = 0;
				GCC_PREPROCESSOR_DEFINITIONS = (
					"DEBUG=1",
					"$(inherited)",
				);
				GCC_WARN_64_TO_32_BIT_CONVERSION = YES;
				GCC_WARN_ABOUT_RETURN_TYPE = YES_ERROR;
				GCC_WARN_UNDECLARED_SELECTOR = YES;
				GCC_WARN_UNINITIALIZED_AUTOS = YES_AGGRESSIVE;
				GCC_WARN_UNUSED_FUNCTION = YES;
				GCC_WARN_UNUSED_VARIABLE = YES;
				IPHONEOS_DEPLOYMENT_TARGET = 13.0;
				MTL_ENABLE_DEBUG_INFO = INCLUDE_SOURCE;
				ONLY_ACTIVE_ARCH = YES;
				SDKROOT = iphoneos;
				SWIFT_ACTIVE_COMPILATION_CONDITIONS = DEBUG;
				SWIFT_OPTIMIZATION_LEVEL = "-Onone";
			};
			name = Debug;
		};
		3203EF77214FB134005C287C /* Release */ = {
			isa = XCBuildConfiguration;
			buildSettings = {
				ALWAYS_SEARCH_USER_PATHS = NO;
				CLANG_ANALYZER_LOCALIZABILITY_NONLOCALIZED = YES;
				CLANG_ANALYZER_NONNULL = YES;
				CLANG_ANALYZER_NUMBER_OBJECT_CONVERSION = YES_AGGRESSIVE;
				CLANG_CXX_LANGUAGE_STANDARD = "gnu++14";
				CLANG_CXX_LIBRARY = "libc++";
				CLANG_ENABLE_MODULES = YES;
				CLANG_ENABLE_OBJC_ARC = YES;
				CLANG_ENABLE_OBJC_WEAK = YES;
				CLANG_WARN_BLOCK_CAPTURE_AUTORELEASING = YES;
				CLANG_WARN_BOOL_CONVERSION = YES;
				CLANG_WARN_COMMA = YES;
				CLANG_WARN_CONSTANT_CONVERSION = YES;
				CLANG_WARN_DEPRECATED_OBJC_IMPLEMENTATIONS = YES;
				CLANG_WARN_DIRECT_OBJC_ISA_USAGE = YES_ERROR;
				CLANG_WARN_DOCUMENTATION_COMMENTS = YES;
				CLANG_WARN_EMPTY_BODY = YES;
				CLANG_WARN_ENUM_CONVERSION = YES;
				CLANG_WARN_INFINITE_RECURSION = YES;
				CLANG_WARN_INT_CONVERSION = YES;
				CLANG_WARN_NON_LITERAL_NULL_CONVERSION = YES;
				CLANG_WARN_OBJC_IMPLICIT_RETAIN_SELF = YES;
				CLANG_WARN_OBJC_LITERAL_CONVERSION = YES;
				CLANG_WARN_OBJC_ROOT_CLASS = YES_ERROR;
				CLANG_WARN_RANGE_LOOP_ANALYSIS = YES;
				CLANG_WARN_STRICT_PROTOTYPES = YES;
				CLANG_WARN_SUSPICIOUS_MOVE = YES;
				CLANG_WARN_UNGUARDED_AVAILABILITY = YES_AGGRESSIVE;
				CLANG_WARN_UNREACHABLE_CODE = YES;
				CLANG_WARN__DUPLICATE_METHOD_MATCH = YES;
				CODE_SIGN_IDENTITY = "iPhone Developer";
				COPY_PHASE_STRIP = NO;
				DEBUG_INFORMATION_FORMAT = "dwarf-with-dsym";
				ENABLE_NS_ASSERTIONS = NO;
				ENABLE_STRICT_OBJC_MSGSEND = YES;
				GCC_C_LANGUAGE_STANDARD = gnu11;
				GCC_NO_COMMON_BLOCKS = YES;
				GCC_WARN_64_TO_32_BIT_CONVERSION = YES;
				GCC_WARN_ABOUT_RETURN_TYPE = YES_ERROR;
				GCC_WARN_UNDECLARED_SELECTOR = YES;
				GCC_WARN_UNINITIALIZED_AUTOS = YES_AGGRESSIVE;
				GCC_WARN_UNUSED_FUNCTION = YES;
				GCC_WARN_UNUSED_VARIABLE = YES;
				IPHONEOS_DEPLOYMENT_TARGET = 13.0;
				MTL_ENABLE_DEBUG_INFO = NO;
				SDKROOT = iphoneos;
				SWIFT_COMPILATION_MODE = wholemodule;
				SWIFT_OPTIMIZATION_LEVEL = "-O";
				VALIDATE_PRODUCT = YES;
			};
			name = Release;
		};
		3203EF79214FB134005C287C /* Debug */ = {
			isa = XCBuildConfiguration;
			buildSettings = {
				ALWAYS_EMBED_SWIFT_STANDARD_LIBRARIES = YES;
				ASSETCATALOG_COMPILER_APPICON_NAME = AppIcon;
				CODE_SIGN_ENTITLEMENTS = Delta/Delta.entitlements;
				CODE_SIGN_STYLE = Automatic;
				CURRENT_PROJECT_VERSION = 13;
				DERIVE_MACCATALYST_PRODUCT_BUNDLE_IDENTIFIER = YES;
				DEVELOPMENT_TEAM = ZL9396WK65;
				INFOPLIST_FILE = Delta/Info.plist;
				IPHONEOS_DEPLOYMENT_TARGET = 9.0;
				LD_RUNPATH_SEARCH_PATHS = (
					"$(inherited)",
					"@executable_path/Frameworks",
				);
				MARKETING_VERSION = 3.2.1;
				PRODUCT_BUNDLE_IDENTIFIER = fr.zabricraft.Delta;
				PRODUCT_NAME = "$(TARGET_NAME)";
				SUPPORTS_MACCATALYST = YES;
				SWIFT_VERSION = 5.0;
				TARGETED_DEVICE_FAMILY = "1,2";
			};
			name = Debug;
		};
		3203EF7A214FB134005C287C /* Release */ = {
			isa = XCBuildConfiguration;
			buildSettings = {
				ALWAYS_EMBED_SWIFT_STANDARD_LIBRARIES = YES;
				ASSETCATALOG_COMPILER_APPICON_NAME = AppIcon;
				CODE_SIGN_ENTITLEMENTS = Delta/Delta.entitlements;
				CODE_SIGN_STYLE = Automatic;
				CURRENT_PROJECT_VERSION = 13;
				DERIVE_MACCATALYST_PRODUCT_BUNDLE_IDENTIFIER = YES;
				DEVELOPMENT_TEAM = ZL9396WK65;
				INFOPLIST_FILE = Delta/Info.plist;
				IPHONEOS_DEPLOYMENT_TARGET = 9.0;
				LD_RUNPATH_SEARCH_PATHS = (
					"$(inherited)",
					"@executable_path/Frameworks",
				);
				MARKETING_VERSION = 3.2.1;
				PRODUCT_BUNDLE_IDENTIFIER = fr.zabricraft.Delta;
				PRODUCT_NAME = "$(TARGET_NAME)";
				SUPPORTS_MACCATALYST = YES;
				SWIFT_VERSION = 5.0;
				TARGETED_DEVICE_FAMILY = "1,2";
			};
			name = Release;
		};
/* End XCBuildConfiguration section */

/* Begin XCConfigurationList section */
		3203EF61214FB132005C287C /* Build configuration list for PBXProject "Delta" */ = {
			isa = XCConfigurationList;
			buildConfigurations = (
				3203EF76214FB134005C287C /* Debug */,
				3203EF77214FB134005C287C /* Release */,
			);
			defaultConfigurationIsVisible = 0;
			defaultConfigurationName = Release;
		};
		3203EF78214FB134005C287C /* Build configuration list for PBXNativeTarget "Delta" */ = {
			isa = XCConfigurationList;
			buildConfigurations = (
				3203EF79214FB134005C287C /* Debug */,
				3203EF7A214FB134005C287C /* Release */,
			);
			defaultConfigurationIsVisible = 0;
			defaultConfigurationName = Release;
		};
/* End XCConfigurationList section */

/* Begin XCRemoteSwiftPackageReference section */
		6AC36CD12360339C00523F79 /* XCRemoteSwiftPackageReference "SQLite.swift" */ = {
			isa = XCRemoteSwiftPackageReference;
			repositoryURL = "https://github.com/stephencelis/SQLite.swift.git";
			requirement = {
				kind = upToNextMajorVersion;
				minimumVersion = 0.12.2;
			};
		};
/* End XCRemoteSwiftPackageReference section */

/* Begin XCSwiftPackageProductDependency section */
		6AC36CD22360339C00523F79 /* SQLite */ = {
			isa = XCSwiftPackageProductDependency;
			package = 6AC36CD12360339C00523F79 /* XCRemoteSwiftPackageReference "SQLite.swift" */;
			productName = SQLite;
		};
/* End XCSwiftPackageProductDependency section */
	};
	rootObject = 3203EF5E214FB132005C287C /* Project object */;
}
